// !$*UTF8*$!
{
	archiveVersion = 1;
	classes = {
	};
	objectVersion = 46;
	objects = {

/* Begin PBXBuildFile section */
		4F5B959B1CF2BD4C00AC49BF /* AppDelegate.swift in Sources */ = {isa = PBXBuildFile; fileRef = 4F5B959A1CF2BD4C00AC49BF /* AppDelegate.swift */; };
		4F5B959D1CF2BD4D00AC49BF /* Assets.xcassets in Resources */ = {isa = PBXBuildFile; fileRef = 4F5B959C1CF2BD4D00AC49BF /* Assets.xcassets */; };
		4F5B95A01CF2BD4D00AC49BF /* MainMenu.xib in Resources */ = {isa = PBXBuildFile; fileRef = 4F5B959E1CF2BD4D00AC49BF /* MainMenu.xib */; };
		4F5B95A81CF2C15000AC49BF /* BarItem.swift in Sources */ = {isa = PBXBuildFile; fileRef = 4F5B95A71CF2C15000AC49BF /* BarItem.swift */; };
		4F5B95AA1CF2C32F00AC49BF /* BarSegment.swift in Sources */ = {isa = PBXBuildFile; fileRef = 4F5B95A91CF2C32F00AC49BF /* BarSegment.swift */; };
		4F5B95AC1CF2C3F200AC49BF /* ConfigurationFileLoader.swift in Sources */ = {isa = PBXBuildFile; fileRef = 4F5B95AB1CF2C3F200AC49BF /* ConfigurationFileLoader.swift */; };
		4F5B95B01CF2CC6800AC49BF /* BarView.swift in Sources */ = {isa = PBXBuildFile; fileRef = 4F5B95AF1CF2CC6800AC49BF /* BarView.swift */; };
		4F5B95B21CF2CD1800AC49BF /* Window.swift in Sources */ = {isa = PBXBuildFile; fileRef = 4F5B95B11CF2CD1800AC49BF /* Window.swift */; };
		4F5B95B51CF2D43D00AC49BF /* BarSegmentView.swift in Sources */ = {isa = PBXBuildFile; fileRef = 4F5B95B41CF2D43D00AC49BF /* BarSegmentView.swift */; };
		4F5B95B71CF2D48B00AC49BF /* BarItemView.swift in Sources */ = {isa = PBXBuildFile; fileRef = 4F5B95B61CF2D48B00AC49BF /* BarItemView.swift */; };
		4FE6880E1CF2D7F3008C7062 /* BarGeometry.swift in Sources */ = {isa = PBXBuildFile; fileRef = 4FE6880D1CF2D7F3008C7062 /* BarGeometry.swift */; };
		4FE688101CF2DD0F008C7062 /* BarUpdatable.swift in Sources */ = {isa = PBXBuildFile; fileRef = 4FE6880F1CF2DD0F008C7062 /* BarUpdatable.swift */; };
/* End PBXBuildFile section */

/* Begin PBXFileReference section */
		4F5B95971CF2BD4C00AC49BF /* goodbar.app */ = {isa = PBXFileReference; explicitFileType = wrapper.application; includeInIndex = 0; path = goodbar.app; sourceTree = BUILT_PRODUCTS_DIR; };
		4F5B959A1CF2BD4C00AC49BF /* AppDelegate.swift */ = {isa = PBXFileReference; lastKnownFileType = sourcecode.swift; path = AppDelegate.swift; sourceTree = "<group>"; };
		4F5B959C1CF2BD4D00AC49BF /* Assets.xcassets */ = {isa = PBXFileReference; lastKnownFileType = folder.assetcatalog; path = Assets.xcassets; sourceTree = "<group>"; };
		4F5B959F1CF2BD4D00AC49BF /* Base */ = {isa = PBXFileReference; lastKnownFileType = file.xib; name = Base; path = Base.lproj/MainMenu.xib; sourceTree = "<group>"; };
		4F5B95A11CF2BD4D00AC49BF /* Info.plist */ = {isa = PBXFileReference; lastKnownFileType = text.plist.xml; path = Info.plist; sourceTree = "<group>"; };
		4F5B95A71CF2C15000AC49BF /* BarItem.swift */ = {isa = PBXFileReference; fileEncoding = 4; lastKnownFileType = sourcecode.swift; path = BarItem.swift; sourceTree = "<group>"; };
		4F5B95A91CF2C32F00AC49BF /* BarSegment.swift */ = {isa = PBXFileReference; fileEncoding = 4; lastKnownFileType = sourcecode.swift; path = BarSegment.swift; sourceTree = "<group>"; };
		4F5B95AB1CF2C3F200AC49BF /* ConfigurationFileLoader.swift */ = {isa = PBXFileReference; fileEncoding = 4; lastKnownFileType = sourcecode.swift; path = ConfigurationFileLoader.swift; sourceTree = "<group>"; };
		4F5B95AF1CF2CC6800AC49BF /* BarView.swift */ = {isa = PBXFileReference; fileEncoding = 4; lastKnownFileType = sourcecode.swift; path = BarView.swift; sourceTree = "<group>"; };
		4F5B95B11CF2CD1800AC49BF /* Window.swift */ = {isa = PBXFileReference; fileEncoding = 4; lastKnownFileType = sourcecode.swift; path = Window.swift; sourceTree = "<group>"; };
		4F5B95B41CF2D43D00AC49BF /* BarSegmentView.swift */ = {isa = PBXFileReference; fileEncoding = 4; lastKnownFileType = sourcecode.swift; path = BarSegmentView.swift; sourceTree = "<group>"; };
		4F5B95B61CF2D48B00AC49BF /* BarItemView.swift */ = {isa = PBXFileReference; fileEncoding = 4; lastKnownFileType = sourcecode.swift; path = BarItemView.swift; sourceTree = "<group>"; };
		4FE6880D1CF2D7F3008C7062 /* BarGeometry.swift */ = {isa = PBXFileReference; fileEncoding = 4; lastKnownFileType = sourcecode.swift; path = BarGeometry.swift; sourceTree = "<group>"; };
		4FE6880F1CF2DD0F008C7062 /* BarUpdatable.swift */ = {isa = PBXFileReference; fileEncoding = 4; lastKnownFileType = sourcecode.swift; path = BarUpdatable.swift; sourceTree = "<group>"; };
/* End PBXFileReference section */

/* Begin PBXFrameworksBuildPhase section */
		4F5B95941CF2BD4C00AC49BF /* Frameworks */ = {
			isa = PBXFrameworksBuildPhase;
			buildActionMask = 2147483647;
			files = (
			);
			runOnlyForDeploymentPostprocessing = 0;
		};
/* End PBXFrameworksBuildPhase section */

/* Begin PBXGroup section */
		4F5B958E1CF2BD4C00AC49BF = {
			isa = PBXGroup;
			children = (
				4F5B95991CF2BD4C00AC49BF /* goodbar */,
				4F5B95981CF2BD4C00AC49BF /* Products */,
			);
			sourceTree = "<group>";
		};
		4F5B95981CF2BD4C00AC49BF /* Products */ = {
			isa = PBXGroup;
			children = (
				4F5B95971CF2BD4C00AC49BF /* goodbar.app */,
			);
			name = Products;
			sourceTree = "<group>";
		};
		4F5B95991CF2BD4C00AC49BF /* goodbar */ = {
			isa = PBXGroup;
			children = (
				4F5B959A1CF2BD4C00AC49BF /* AppDelegate.swift */,
				4F5B95B31CF2CD1C00AC49BF /* UI */,
				4F5B95AD1CF2CC4A00AC49BF /* Model */,
				4F5B95AE1CF2CC5200AC49BF /* Config Files */,
				4F5B959C1CF2BD4D00AC49BF /* Assets.xcassets */,
				4F5B959E1CF2BD4D00AC49BF /* MainMenu.xib */,
				4F5B95A11CF2BD4D00AC49BF /* Info.plist */,
			);
			path = goodbar;
			sourceTree = "<group>";
		};
		4F5B95AD1CF2CC4A00AC49BF /* Model */ = {
			isa = PBXGroup;
			children = (
				4F5B95A91CF2C32F00AC49BF /* BarSegment.swift */,
				4F5B95A71CF2C15000AC49BF /* BarItem.swift */,
			);
			name = Model;
			sourceTree = "<group>";
		};
		4F5B95AE1CF2CC5200AC49BF /* Config Files */ = {
			isa = PBXGroup;
			children = (
				4F5B95AB1CF2C3F200AC49BF /* ConfigurationFileLoader.swift */,
			);
			name = "Config Files";
			sourceTree = "<group>";
		};
		4F5B95B31CF2CD1C00AC49BF /* UI */ = {
			isa = PBXGroup;
			children = (
				4F5B95B11CF2CD1800AC49BF /* Window.swift */,
				4FE6880F1CF2DD0F008C7062 /* BarUpdatable.swift */,
				4F5B95AF1CF2CC6800AC49BF /* BarView.swift */,
				4F5B95B41CF2D43D00AC49BF /* BarSegmentView.swift */,
				4F5B95B61CF2D48B00AC49BF /* BarItemView.swift */,
				4FE6880D1CF2D7F3008C7062 /* BarGeometry.swift */,
			);
			name = UI;
			sourceTree = "<group>";
		};
/* End PBXGroup section */

/* Begin PBXNativeTarget section */
		4F5B95961CF2BD4C00AC49BF /* goodbar */ = {
			isa = PBXNativeTarget;
			buildConfigurationList = 4F5B95A41CF2BD4D00AC49BF /* Build configuration list for PBXNativeTarget "goodbar" */;
			buildPhases = (
				4F5B95931CF2BD4C00AC49BF /* Sources */,
				4F5B95941CF2BD4C00AC49BF /* Frameworks */,
				4F5B95951CF2BD4C00AC49BF /* Resources */,
			);
			buildRules = (
			);
			dependencies = (
			);
			name = goodbar;
			productName = goodbar;
			productReference = 4F5B95971CF2BD4C00AC49BF /* goodbar.app */;
			productType = "com.apple.product-type.application";
		};
/* End PBXNativeTarget section */

/* Begin PBXProject section */
		4F5B958F1CF2BD4C00AC49BF /* Project object */ = {
			isa = PBXProject;
			attributes = {
				LastSwiftUpdateCheck = 0730;
				LastUpgradeCheck = 0730;
				ORGANIZATIONNAME = "Peter Hajas";
				TargetAttributes = {
					4F5B95961CF2BD4C00AC49BF = {
						CreatedOnToolsVersion = 7.3.1;
					};
				};
			};
			buildConfigurationList = 4F5B95921CF2BD4C00AC49BF /* Build configuration list for PBXProject "goodbar" */;
			compatibilityVersion = "Xcode 3.2";
			developmentRegion = English;
			hasScannedForEncodings = 0;
			knownRegions = (
				en,
				Base,
			);
			mainGroup = 4F5B958E1CF2BD4C00AC49BF;
			productRefGroup = 4F5B95981CF2BD4C00AC49BF /* Products */;
			projectDirPath = "";
			projectRoot = "";
			targets = (
				4F5B95961CF2BD4C00AC49BF /* goodbar */,
			);
		};
/* End PBXProject section */

/* Begin PBXResourcesBuildPhase section */
		4F5B95951CF2BD4C00AC49BF /* Resources */ = {
			isa = PBXResourcesBuildPhase;
			buildActionMask = 2147483647;
			files = (
				4F5B959D1CF2BD4D00AC49BF /* Assets.xcassets in Resources */,
				4F5B95A01CF2BD4D00AC49BF /* MainMenu.xib in Resources */,
			);
			runOnlyForDeploymentPostprocessing = 0;
		};
/* End PBXResourcesBuildPhase section */

/* Begin PBXSourcesBuildPhase section */
		4F5B95931CF2BD4C00AC49BF /* Sources */ = {
			isa = PBXSourcesBuildPhase;
			buildActionMask = 2147483647;
			files = (
				4F5B95A81CF2C15000AC49BF /* BarItem.swift in Sources */,
				4F5B95B51CF2D43D00AC49BF /* BarSegmentView.swift in Sources */,
				4F5B959B1CF2BD4C00AC49BF /* AppDelegate.swift in Sources */,
				4F5B95B71CF2D48B00AC49BF /* BarItemView.swift in Sources */,
				4F5B95AA1CF2C32F00AC49BF /* BarSegment.swift in Sources */,
				4F5B95AC1CF2C3F200AC49BF /* ConfigurationFileLoader.swift in Sources */,
				4F5B95B01CF2CC6800AC49BF /* BarView.swift in Sources */,
				4FE6880E1CF2D7F3008C7062 /* BarGeometry.swift in Sources */,
				4FE688101CF2DD0F008C7062 /* BarUpdatable.swift in Sources */,
				4F5B95B21CF2CD1800AC49BF /* Window.swift in Sources */,
			);
			runOnlyForDeploymentPostprocessing = 0;
		};
/* End PBXSourcesBuildPhase section */

/* Begin PBXVariantGroup section */
		4F5B959E1CF2BD4D00AC49BF /* MainMenu.xib */ = {
			isa = PBXVariantGroup;
			children = (
				4F5B959F1CF2BD4D00AC49BF /* Base */,
			);
			name = MainMenu.xib;
			sourceTree = "<group>";
		};
/* End PBXVariantGroup section */

/* Begin XCBuildConfiguration section */
		4F5B95A21CF2BD4D00AC49BF /* Debug */ = {
			isa = XCBuildConfiguration;
			buildSettings = {
				ALWAYS_SEARCH_USER_PATHS = NO;
				CLANG_ANALYZER_NONNULL = YES;
				CLANG_CXX_LANGUAGE_STANDARD = "gnu++0x";
				CLANG_CXX_LIBRARY = "libc++";
				CLANG_ENABLE_MODULES = YES;
				CLANG_ENABLE_OBJC_ARC = YES;
				CLANG_WARN_BOOL_CONVERSION = YES;
				CLANG_WARN_CONSTANT_CONVERSION = YES;
				CLANG_WARN_DIRECT_OBJC_ISA_USAGE = YES_ERROR;
				CLANG_WARN_EMPTY_BODY = YES;
				CLANG_WARN_ENUM_CONVERSION = YES;
				CLANG_WARN_INT_CONVERSION = YES;
				CLANG_WARN_OBJC_ROOT_CLASS = YES_ERROR;
				CLANG_WARN_UNREACHABLE_CODE = YES;
				CLANG_WARN__DUPLICATE_METHOD_MATCH = YES;
				CODE_SIGN_IDENTITY = "-";
				COPY_PHASE_STRIP = NO;
				DEBUG_INFORMATION_FORMAT = dwarf;
				ENABLE_STRICT_OBJC_MSGSEND = YES;
				ENABLE_TESTABILITY = YES;
				GCC_C_LANGUAGE_STANDARD = gnu99;
				GCC_DYNAMIC_NO_PIC = NO;
				GCC_NO_COMMON_BLOCKS = YES;
				GCC_OPTIMIZATION_LEVEL = 0;
				GCC_PREPROCESSOR_DEFINITIONS = (
					"DEBUG=1",
					"$(inherited)",
				);
				GCC_WARN_64_TO_32_BIT_CONVERSION = YES;
				GCC_WARN_ABOUT_RETURN_TYPE = YES_ERROR;
				GCC_WARN_UNDECLARED_SELECTOR = YES;
				GCC_WARN_UNINITIALIZED_AUTOS = YES_AGGRESSIVE;
				GCC_WARN_UNUSED_FUNCTION = YES;
				GCC_WARN_UNUSED_VARIABLE = YES;
				MACOSX_DEPLOYMENT_TARGET = 10.11;
				MTL_ENABLE_DEBUG_INFO = YES;
				ONLY_ACTIVE_ARCH = YES;
				SDKROOT = macosx;
				SWIFT_OPTIMIZATION_LEVEL = "-Onone";
			};
			name = Debug;
		};
		4F5B95A31CF2BD4D00AC49BF /* Release */ = {
			isa = XCBuildConfiguration;
			buildSettings = {
				ALWAYS_SEARCH_USER_PATHS = NO;
				CLANG_ANALYZER_NONNULL = YES;
				CLANG_CXX_LANGUAGE_STANDARD = "gnu++0x";
				CLANG_CXX_LIBRARY = "libc++";
				CLANG_ENABLE_MODULES = YES;
				CLANG_ENABLE_OBJC_ARC = YES;
				CLANG_WARN_BOOL_CONVERSION = YES;
				CLANG_WARN_CONSTANT_CONVERSION = YES;
				CLANG_WARN_DIRECT_OBJC_ISA_USAGE = YES_ERROR;
				CLANG_WARN_EMPTY_BODY = YES;
				CLANG_WARN_ENUM_CONVERSION = YES;
				CLANG_WARN_INT_CONVERSION = YES;
				CLANG_WARN_OBJC_ROOT_CLASS = YES_ERROR;
				CLANG_WARN_UNREACHABLE_CODE = YES;
				CLANG_WARN__DUPLICATE_METHOD_MATCH = YES;
				CODE_SIGN_IDENTITY = "-";
				COPY_PHASE_STRIP = NO;
				DEBUG_INFORMATION_FORMAT = "dwarf-with-dsym";
				ENABLE_NS_ASSERTIONS = NO;
				ENABLE_STRICT_OBJC_MSGSEND = YES;
				GCC_C_LANGUAGE_STANDARD = gnu99;
				GCC_NO_COMMON_BLOCKS = YES;
				GCC_WARN_64_TO_32_BIT_CONVERSION = YES;
				GCC_WARN_ABOUT_RETURN_TYPE = YES_ERROR;
				GCC_WARN_UNDECLARED_SELECTOR = YES;
				GCC_WARN_UNINITIALIZED_AUTOS = YES_AGGRESSIVE;
				GCC_WARN_UNUSED_FUNCTION = YES;
				GCC_WARN_UNUSED_VARIABLE = YES;
				MACOSX_DEPLOYMENT_TARGET = 10.11;
				MTL_ENABLE_DEBUG_INFO = NO;
				SDKROOT = macosx;
			};
			name = Release;
		};
		4F5B95A51CF2BD4D00AC49BF /* Debug */ = {
			isa = XCBuildConfiguration;
			buildSettings = {
				ASSETCATALOG_COMPILER_APPICON_NAME = AppIcon;
				COMBINE_HIDPI_IMAGES = YES;
				INFOPLIST_FILE = goodbar/Info.plist;
				LD_RUNPATH_SEARCH_PATHS = "$(inherited) @executable_path/../Frameworks";
				PRODUCT_BUNDLE_IDENTIFIER = peterhajas.goodbar;
				PRODUCT_NAME = "$(TARGET_NAME)";
			};
			name = Debug;
		};
		4F5B95A61CF2BD4D00AC49BF /* Release */ = {
			isa = XCBuildConfiguration;
			buildSettings = {
				ASSETCATALOG_COMPILER_APPICON_NAME = AppIcon;
				COMBINE_HIDPI_IMAGES = YES;
				INFOPLIST_FILE = goodbar/Info.plist;
				LD_RUNPATH_SEARCH_PATHS = "$(inherited) @executable_path/../Frameworks";
				PRODUCT_BUNDLE_IDENTIFIER = peterhajas.goodbar;
				PRODUCT_NAME = "$(TARGET_NAME)";
			};
			name = Release;
		};
/* End XCBuildConfiguration section */

/* Begin XCConfigurationList section */
		4F5B95921CF2BD4C00AC49BF /* Build configuration list for PBXProject "goodbar" */ = {
			isa = XCConfigurationList;
			buildConfigurations = (
				4F5B95A21CF2BD4D00AC49BF /* Debug */,
				4F5B95A31CF2BD4D00AC49BF /* Release */,
			);
			defaultConfigurationIsVisible = 0;
			defaultConfigurationName = Release;
		};
		4F5B95A41CF2BD4D00AC49BF /* Build configuration list for PBXNativeTarget "goodbar" */ = {
			isa = XCConfigurationList;
			buildConfigurations = (
				4F5B95A51CF2BD4D00AC49BF /* Debug */,
				4F5B95A61CF2BD4D00AC49BF /* Release */,
			);
			defaultConfigurationIsVisible = 0;
			defaultConfigurationName = Release;
		};
/* End XCConfigurationList section */
	};
	rootObject = 4F5B958F1CF2BD4C00AC49BF /* Project object */;
}
